// !$*UTF8*$!
{
	archiveVersion = 1;
	classes = {
	};
	objectVersion = 50;
	objects = {

/* Begin PBXBuildFile section */
		AA6F10532189681E005DE1A2 /* AppDelegate.swift in Sources */ = {isa = PBXBuildFile; fileRef = AA6F10522189681E005DE1A2 /* AppDelegate.swift */; };
		AA6F10582189681E005DE1A2 /* Main.storyboard in Resources */ = {isa = PBXBuildFile; fileRef = AA6F10562189681E005DE1A2 /* Main.storyboard */; };
		AA6F105A21896820005DE1A2 /* Assets.xcassets in Resources */ = {isa = PBXBuildFile; fileRef = AA6F105921896820005DE1A2 /* Assets.xcassets */; };
		AA6F105D21896820005DE1A2 /* LaunchScreen.storyboard in Resources */ = {isa = PBXBuildFile; fileRef = AA6F105B21896820005DE1A2 /* LaunchScreen.storyboard */; };
		AA6F106821896821005DE1A2 /* TinderTests.swift in Sources */ = {isa = PBXBuildFile; fileRef = AA6F106721896821005DE1A2 /* TinderTests.swift */; };
		AA6F107321896821005DE1A2 /* TinderUITests.swift in Sources */ = {isa = PBXBuildFile; fileRef = AA6F107221896821005DE1A2 /* TinderUITests.swift */; };
		AABCE03D2189730E00884390 /* CardsViewController.swift in Sources */ = {isa = PBXBuildFile; fileRef = AABCE03C2189730E00884390 /* CardsViewController.swift */; };
		AABCE03F2189733B00884390 /* ProfileViewController.swift in Sources */ = {isa = PBXBuildFile; fileRef = AABCE03E2189733B00884390 /* ProfileViewController.swift */; };
/* End PBXBuildFile section */

/* Begin PBXContainerItemProxy section */
		AA6F106421896821005DE1A2 /* PBXContainerItemProxy */ = {
			isa = PBXContainerItemProxy;
			containerPortal = AA6F10472189681E005DE1A2 /* Project object */;
			proxyType = 1;
			remoteGlobalIDString = AA6F104E2189681E005DE1A2;
			remoteInfo = Tinder;
		};
		AA6F106F21896821005DE1A2 /* PBXContainerItemProxy */ = {
			isa = PBXContainerItemProxy;
			containerPortal = AA6F10472189681E005DE1A2 /* Project object */;
			proxyType = 1;
			remoteGlobalIDString = AA6F104E2189681E005DE1A2;
			remoteInfo = Tinder;
		};
/* End PBXContainerItemProxy section */

/* Begin PBXFileReference section */
		AA6F104F2189681E005DE1A2 /* Tinder.app */ = {isa = PBXFileReference; explicitFileType = wrapper.application; includeInIndex = 0; path = Tinder.app; sourceTree = BUILT_PRODUCTS_DIR; };
		AA6F10522189681E005DE1A2 /* AppDelegate.swift */ = {isa = PBXFileReference; lastKnownFileType = sourcecode.swift; path = AppDelegate.swift; sourceTree = "<group>"; };
		AA6F10572189681E005DE1A2 /* Base */ = {isa = PBXFileReference; lastKnownFileType = file.storyboard; name = Base; path = Base.lproj/Main.storyboard; sourceTree = "<group>"; };
		AA6F105921896820005DE1A2 /* Assets.xcassets */ = {isa = PBXFileReference; lastKnownFileType = folder.assetcatalog; path = Assets.xcassets; sourceTree = "<group>"; };
		AA6F105C21896820005DE1A2 /* Base */ = {isa = PBXFileReference; lastKnownFileType = file.storyboard; name = Base; path = Base.lproj/LaunchScreen.storyboard; sourceTree = "<group>"; };
		AA6F105E21896820005DE1A2 /* Info.plist */ = {isa = PBXFileReference; lastKnownFileType = text.plist.xml; path = Info.plist; sourceTree = "<group>"; };
		AA6F106321896821005DE1A2 /* TinderTests.xctest */ = {isa = PBXFileReference; explicitFileType = wrapper.cfbundle; includeInIndex = 0; path = TinderTests.xctest; sourceTree = BUILT_PRODUCTS_DIR; };
		AA6F106721896821005DE1A2 /* TinderTests.swift */ = {isa = PBXFileReference; lastKnownFileType = sourcecode.swift; path = TinderTests.swift; sourceTree = "<group>"; };
		AA6F106921896821005DE1A2 /* Info.plist */ = {isa = PBXFileReference; lastKnownFileType = text.plist.xml; path = Info.plist; sourceTree = "<group>"; };
		AA6F106E21896821005DE1A2 /* TinderUITests.xctest */ = {isa = PBXFileReference; explicitFileType = wrapper.cfbundle; includeInIndex = 0; path = TinderUITests.xctest; sourceTree = BUILT_PRODUCTS_DIR; };
		AA6F107221896821005DE1A2 /* TinderUITests.swift */ = {isa = PBXFileReference; lastKnownFileType = sourcecode.swift; path = TinderUITests.swift; sourceTree = "<group>"; };
		AA6F107421896821005DE1A2 /* Info.plist */ = {isa = PBXFileReference; lastKnownFileType = text.plist.xml; path = Info.plist; sourceTree = "<group>"; };
		AABCE03C2189730E00884390 /* CardsViewController.swift */ = {isa = PBXFileReference; lastKnownFileType = sourcecode.swift; path = CardsViewController.swift; sourceTree = "<group>"; };
		AABCE03E2189733B00884390 /* ProfileViewController.swift */ = {isa = PBXFileReference; lastKnownFileType = sourcecode.swift; path = ProfileViewController.swift; sourceTree = "<group>"; };
/* End PBXFileReference section */

/* Begin PBXFrameworksBuildPhase section */
		AA6F104C2189681E005DE1A2 /* Frameworks */ = {
			isa = PBXFrameworksBuildPhase;
			buildActionMask = 2147483647;
			files = (
			);
			runOnlyForDeploymentPostprocessing = 0;
		};
		AA6F106021896821005DE1A2 /* Frameworks */ = {
			isa = PBXFrameworksBuildPhase;
			buildActionMask = 2147483647;
			files = (
			);
			runOnlyForDeploymentPostprocessing = 0;
		};
		AA6F106B21896821005DE1A2 /* Frameworks */ = {
			isa = PBXFrameworksBuildPhase;
			buildActionMask = 2147483647;
			files = (
			);
			runOnlyForDeploymentPostprocessing = 0;
		};
/* End PBXFrameworksBuildPhase section */

/* Begin PBXGroup section */
		AA6F10462189681E005DE1A2 = {
			isa = PBXGroup;
			children = (
				AA6F10512189681E005DE1A2 /* Tinder */,
				AA6F106621896821005DE1A2 /* TinderTests */,
				AA6F107121896821005DE1A2 /* TinderUITests */,
				AA6F10502189681E005DE1A2 /* Products */,
			);
			sourceTree = "<group>";
		};
		AA6F10502189681E005DE1A2 /* Products */ = {
			isa = PBXGroup;
			children = (
				AA6F104F2189681E005DE1A2 /* Tinder.app */,
				AA6F106321896821005DE1A2 /* TinderTests.xctest */,
				AA6F106E21896821005DE1A2 /* TinderUITests.xctest */,
			);
			name = Products;
			sourceTree = "<group>";
		};
		AA6F10512189681E005DE1A2 /* Tinder */ = {
			isa = PBXGroup;
			children = (
				AA6F1082218969D0005DE1A2 /* Views */,
				AA6F10522189681E005DE1A2 /* AppDelegate.swift */,
				AA6F10562189681E005DE1A2 /* Main.storyboard */,
				AA6F105921896820005DE1A2 /* Assets.xcassets */,
				AA6F105B21896820005DE1A2 /* LaunchScreen.storyboard */,
				AA6F105E21896820005DE1A2 /* Info.plist */,
			);
			path = Tinder;
			sourceTree = "<group>";
		};
		AA6F106621896821005DE1A2 /* TinderTests */ = {
			isa = PBXGroup;
			children = (
				AA6F106721896821005DE1A2 /* TinderTests.swift */,
				AA6F106921896821005DE1A2 /* Info.plist */,
			);
			path = TinderTests;
			sourceTree = "<group>";
		};
		AA6F107121896821005DE1A2 /* TinderUITests */ = {
			isa = PBXGroup;
			children = (
				AA6F107221896821005DE1A2 /* TinderUITests.swift */,
				AA6F107421896821005DE1A2 /* Info.plist */,
			);
			path = TinderUITests;
			sourceTree = "<group>";
		};
		AA6F1082218969D0005DE1A2 /* Views */ = {
			isa = PBXGroup;
			children = (
				AABCE03C2189730E00884390 /* CardsViewController.swift */,
				AABCE03E2189733B00884390 /* ProfileViewController.swift */,
			);
			path = Views;
			sourceTree = "<group>";
		};
/* End PBXGroup section */

/* Begin PBXNativeTarget section */
		AA6F104E2189681E005DE1A2 /* Tinder */ = {
			isa = PBXNativeTarget;
			buildConfigurationList = AA6F107721896821005DE1A2 /* Build configuration list for PBXNativeTarget "Tinder" */;
			buildPhases = (
				AA6F104B2189681E005DE1A2 /* Sources */,
				AA6F104C2189681E005DE1A2 /* Frameworks */,
				AA6F104D2189681E005DE1A2 /* Resources */,
			);
			buildRules = (
			);
			dependencies = (
			);
			name = Tinder;
			productName = Tinder;
			productReference = AA6F104F2189681E005DE1A2 /* Tinder.app */;
			productType = "com.apple.product-type.application";
		};
		AA6F106221896821005DE1A2 /* TinderTests */ = {
			isa = PBXNativeTarget;
			buildConfigurationList = AA6F107A21896821005DE1A2 /* Build configuration list for PBXNativeTarget "TinderTests" */;
			buildPhases = (
				AA6F105F21896821005DE1A2 /* Sources */,
				AA6F106021896821005DE1A2 /* Frameworks */,
				AA6F106121896821005DE1A2 /* Resources */,
			);
			buildRules = (
			);
			dependencies = (
				AA6F106521896821005DE1A2 /* PBXTargetDependency */,
			);
			name = TinderTests;
			productName = TinderTests;
			productReference = AA6F106321896821005DE1A2 /* TinderTests.xctest */;
			productType = "com.apple.product-type.bundle.unit-test";
		};
		AA6F106D21896821005DE1A2 /* TinderUITests */ = {
			isa = PBXNativeTarget;
			buildConfigurationList = AA6F107D21896821005DE1A2 /* Build configuration list for PBXNativeTarget "TinderUITests" */;
			buildPhases = (
				AA6F106A21896821005DE1A2 /* Sources */,
				AA6F106B21896821005DE1A2 /* Frameworks */,
				AA6F106C21896821005DE1A2 /* Resources */,
			);
			buildRules = (
			);
			dependencies = (
				AA6F107021896821005DE1A2 /* PBXTargetDependency */,
			);
			name = TinderUITests;
			productName = TinderUITests;
			productReference = AA6F106E21896821005DE1A2 /* TinderUITests.xctest */;
			productType = "com.apple.product-type.bundle.ui-testing";
		};
/* End PBXNativeTarget section */

/* Begin PBXProject section */
		AA6F10472189681E005DE1A2 /* Project object */ = {
			isa = PBXProject;
			attributes = {
				LastSwiftUpdateCheck = 1000;
				LastUpgradeCheck = 1000;
				ORGANIZATIONNAME = "Francisco Hernanedz";
				TargetAttributes = {
					AA6F104E2189681E005DE1A2 = {
						CreatedOnToolsVersion = 10.0;
					};
					AA6F106221896821005DE1A2 = {
						CreatedOnToolsVersion = 10.0;
						TestTargetID = AA6F104E2189681E005DE1A2;
					};
					AA6F106D21896821005DE1A2 = {
						CreatedOnToolsVersion = 10.0;
						TestTargetID = AA6F104E2189681E005DE1A2;
					};
				};
			};
			buildConfigurationList = AA6F104A2189681E005DE1A2 /* Build configuration list for PBXProject "Tinder" */;
			compatibilityVersion = "Xcode 9.3";
			developmentRegion = en;
			hasScannedForEncodings = 0;
			knownRegions = (
				en,
				Base,
			);
			mainGroup = AA6F10462189681E005DE1A2;
			productRefGroup = AA6F10502189681E005DE1A2 /* Products */;
			projectDirPath = "";
			projectRoot = "";
			targets = (
				AA6F104E2189681E005DE1A2 /* Tinder */,
				AA6F106221896821005DE1A2 /* TinderTests */,
				AA6F106D21896821005DE1A2 /* TinderUITests */,
			);
		};
/* End PBXProject section */

/* Begin PBXResourcesBuildPhase section */
		AA6F104D2189681E005DE1A2 /* Resources */ = {
			isa = PBXResourcesBuildPhase;
			buildActionMask = 2147483647;
			files = (
				AA6F105D21896820005DE1A2 /* LaunchScreen.storyboard in Resources */,
				AA6F105A21896820005DE1A2 /* Assets.xcassets in Resources */,
				AA6F10582189681E005DE1A2 /* Main.storyboard in Resources */,
			);
			runOnlyForDeploymentPostprocessing = 0;
		};
		AA6F106121896821005DE1A2 /* Resources */ = {
			isa = PBXResourcesBuildPhase;
			buildActionMask = 2147483647;
			files = (
			);
			runOnlyForDeploymentPostprocessing = 0;
		};
		AA6F106C21896821005DE1A2 /* Resources */ = {
			isa = PBXResourcesBuildPhase;
			buildActionMask = 2147483647;
			files = (
			);
			runOnlyForDeploymentPostprocessing = 0;
		};
/* End PBXResourcesBuildPhase section */

/* Begin PBXSourcesBuildPhase section */
		AA6F104B2189681E005DE1A2 /* Sources */ = {
			isa = PBXSourcesBuildPhase;
			buildActionMask = 2147483647;
			files = (
				AA6F10532189681E005DE1A2 /* AppDelegate.swift in Sources */,
				AABCE03F2189733B00884390 /* ProfileViewController.swift in Sources */,
				AABCE03D2189730E00884390 /* CardsViewController.swift in Sources */,
			);
			runOnlyForDeploymentPostprocessing = 0;
		};
		AA6F105F21896821005DE1A2 /* Sources */ = {
			isa = PBXSourcesBuildPhase;
			buildActionMask = 2147483647;
			files = (
				AA6F106821896821005DE1A2 /* TinderTests.swift in Sources */,
			);
			runOnlyForDeploymentPostprocessing = 0;
		};
		AA6F106A21896821005DE1A2 /* Sources */ = {
			isa = PBXSourcesBuildPhase;
			buildActionMask = 2147483647;
			files = (
				AA6F107321896821005DE1A2 /* TinderUITests.swift in Sources */,
			);
			runOnlyForDeploymentPostprocessing = 0;
		};
/* End PBXSourcesBuildPhase section */

/* Begin PBXTargetDependency section */
		AA6F106521896821005DE1A2 /* PBXTargetDependency */ = {
			isa = PBXTargetDependency;
			target = AA6F104E2189681E005DE1A2 /* Tinder */;
			targetProxy = AA6F106421896821005DE1A2 /* PBXContainerItemProxy */;
		};
		AA6F107021896821005DE1A2 /* PBXTargetDependency */ = {
			isa = PBXTargetDependency;
			target = AA6F104E2189681E005DE1A2 /* Tinder */;
			targetProxy = AA6F106F21896821005DE1A2 /* PBXContainerItemProxy */;
		};
/* End PBXTargetDependency section */

/* Begin PBXVariantGroup section */
		AA6F10562189681E005DE1A2 /* Main.storyboard */ = {
			isa = PBXVariantGroup;
			children = (
				AA6F10572189681E005DE1A2 /* Base */,
			);
			name = Main.storyboard;
			sourceTree = "<group>";
		};
		AA6F105B21896820005DE1A2 /* LaunchScreen.storyboard */ = {
			isa = PBXVariantGroup;
			children = (
				AA6F105C21896820005DE1A2 /* Base */,
			);
			name = LaunchScreen.storyboard;
			sourceTree = "<group>";
		};
/* End PBXVariantGroup section */

/* Begin XCBuildConfiguration section */
		AA6F107521896821005DE1A2 /* Debug */ = {
			isa = XCBuildConfiguration;
			buildSettings = {
				ALWAYS_SEARCH_USER_PATHS = NO;
				CLANG_ANALYZER_NONNULL = YES;
				CLANG_ANALYZER_NUMBER_OBJECT_CONVERSION = YES_AGGRESSIVE;
				CLANG_CXX_LANGUAGE_STANDARD = "gnu++14";
				CLANG_CXX_LIBRARY = "libc++";
				CLANG_ENABLE_MODULES = YES;
				CLANG_ENABLE_OBJC_ARC = YES;
				CLANG_ENABLE_OBJC_WEAK = YES;
				CLANG_WARN_BLOCK_CAPTURE_AUTORELEASING = YES;
				CLANG_WARN_BOOL_CONVERSION = YES;
				CLANG_WARN_COMMA = YES;
				CLANG_WARN_CONSTANT_CONVERSION = YES;
				CLANG_WARN_DEPRECATED_OBJC_IMPLEMENTATIONS = YES;
				CLANG_WARN_DIRECT_OBJC_ISA_USAGE = YES_ERROR;
				CLANG_WARN_DOCUMENTATION_COMMENTS = YES;
				CLANG_WARN_EMPTY_BODY = YES;
				CLANG_WARN_ENUM_CONVERSION = YES;
				CLANG_WARN_INFINITE_RECURSION = YES;
				CLANG_WARN_INT_CONVERSION = YES;
				CLANG_WARN_NON_LITERAL_NULL_CONVERSION = YES;
				CLANG_WARN_OBJC_IMPLICIT_RETAIN_SELF = YES;
				CLANG_WARN_OBJC_LITERAL_CONVERSION = YES;
				CLANG_WARN_OBJC_ROOT_CLASS = YES_ERROR;
				CLANG_WARN_RANGE_LOOP_ANALYSIS = YES;
				CLANG_WARN_STRICT_PROTOTYPES = YES;
				CLANG_WARN_SUSPICIOUS_MOVE = YES;
				CLANG_WARN_UNGUARDED_AVAILABILITY = YES_AGGRESSIVE;
				CLANG_WARN_UNREACHABLE_CODE = YES;
				CLANG_WARN__DUPLICATE_METHOD_MATCH = YES;
				CODE_SIGN_IDENTITY = "iPhone Developer";
				COPY_PHASE_STRIP = NO;
				DEBUG_INFORMATION_FORMAT = dwarf;
				ENABLE_STRICT_OBJC_MSGSEND = YES;
				ENABLE_TESTABILITY = YES;
				GCC_C_LANGUAGE_STANDARD = gnu11;
				GCC_DYNAMIC_NO_PIC = NO;
				GCC_NO_COMMON_BLOCKS = YES;
				GCC_OPTIMIZATION_LEVEL = 0;
				GCC_PREPROCESSOR_DEFINITIONS = (
					"DEBUG=1",
					"$(inherited)",
				);
				GCC_WARN_64_TO_32_BIT_CONVERSION = YES;
				GCC_WARN_ABOUT_RETURN_TYPE = YES_ERROR;
				GCC_WARN_UNDECLARED_SELECTOR = YES;
				GCC_WARN_UNINITIALIZED_AUTOS = YES_AGGRESSIVE;
				GCC_WARN_UNUSED_FUNCTION = YES;
				GCC_WARN_UNUSED_VARIABLE = YES;
				IPHONEOS_DEPLOYMENT_TARGET = 12.0;
				MTL_ENABLE_DEBUG_INFO = INCLUDE_SOURCE;
				MTL_FAST_MATH = YES;
				ONLY_ACTIVE_ARCH = YES;
				SDKROOT = iphoneos;
				SWIFT_ACTIVE_COMPILATION_CONDITIONS = DEBUG;
				SWIFT_OPTIMIZATION_LEVEL = "-Onone";
			};
			name = Debug;
		};
		AA6F107621896821005DE1A2 /* Release */ = {
			isa = XCBuildConfiguration;
			buildSettings = {
				ALWAYS_SEARCH_USER_PATHS = NO;
				CLANG_ANALYZER_NONNULL = YES;
				CLANG_ANALYZER_NUMBER_OBJECT_CONVERSION = YES_AGGRESSIVE;
				CLANG_CXX_LANGUAGE_STANDARD = "gnu++14";
				CLANG_CXX_LIBRARY = "libc++";
				CLANG_ENABLE_MODULES = YES;
				CLANG_ENABLE_OBJC_ARC = YES;
				CLANG_ENABLE_OBJC_WEAK = YES;
				CLANG_WARN_BLOCK_CAPTURE_AUTORELEASING = YES;
				CLANG_WARN_BOOL_CONVERSION = YES;
				CLANG_WARN_COMMA = YES;
				CLANG_WARN_CONSTANT_CONVERSION = YES;
				CLANG_WARN_DEPRECATED_OBJC_IMPLEMENTATIONS = YES;
				CLANG_WARN_DIRECT_OBJC_ISA_USAGE = YES_ERROR;
				CLANG_WARN_DOCUMENTATION_COMMENTS = YES;
				CLANG_WARN_EMPTY_BODY = YES;
				CLANG_WARN_ENUM_CONVERSION = YES;
				CLANG_WARN_INFINITE_RECURSION = YES;
				CLANG_WARN_INT_CONVERSION = YES;
				CLANG_WARN_NON_LITERAL_NULL_CONVERSION = YES;
				CLANG_WARN_OBJC_IMPLICIT_RETAIN_SELF = YES;
				CLANG_WARN_OBJC_LITERAL_CONVERSION = YES;
				CLANG_WARN_OBJC_ROOT_CLASS = YES_ERROR;
				CLANG_WARN_RANGE_LOOP_ANALYSIS = YES;
				CLANG_WARN_STRICT_PROTOTYPES = YES;
				CLANG_WARN_SUSPICIOUS_MOVE = YES;
				CLANG_WARN_UNGUARDED_AVAILABILITY = YES_AGGRESSIVE;
				CLANG_WARN_UNREACHABLE_CODE = YES;
				CLANG_WARN__DUPLICATE_METHOD_MATCH = YES;
				CODE_SIGN_IDENTITY = "iPhone Developer";
				COPY_PHASE_STRIP = NO;
				DEBUG_INFORMATION_FORMAT = "dwarf-with-dsym";
				ENABLE_NS_ASSERTIONS = NO;
				ENABLE_STRICT_OBJC_MSGSEND = YES;
				GCC_C_LANGUAGE_STANDARD = gnu11;
				GCC_NO_COMMON_BLOCKS = YES;
				GCC_WARN_64_TO_32_BIT_CONVERSION = YES;
				GCC_WARN_ABOUT_RETURN_TYPE = YES_ERROR;
				GCC_WARN_UNDECLARED_SELECTOR = YES;
				GCC_WARN_UNINITIALIZED_AUTOS = YES_AGGRESSIVE;
				GCC_WARN_UNUSED_FUNCTION = YES;
				GCC_WARN_UNUSED_VARIABLE = YES;
				IPHONEOS_DEPLOYMENT_TARGET = 12.0;
				MTL_ENABLE_DEBUG_INFO = NO;
				MTL_FAST_MATH = YES;
				SDKROOT = iphoneos;
				SWIFT_COMPILATION_MODE = wholemodule;
				SWIFT_OPTIMIZATION_LEVEL = "-O";
				VALIDATE_PRODUCT = YES;
			};
			name = Release;
		};
		AA6F107821896821005DE1A2 /* Debug */ = {
			isa = XCBuildConfiguration;
			buildSettings = {
				ASSETCATALOG_COMPILER_APPICON_NAME = AppIcon;
				CODE_SIGN_STYLE = Automatic;
				DEVELOPMENT_TEAM = 966D857F3T;
				INFOPLIST_FILE = Tinder/Info.plist;
				LD_RUNPATH_SEARCH_PATHS = (
					"$(inherited)",
					"@executable_path/Frameworks",
				);
				PRODUCT_BUNDLE_IDENTIFIER = Cisco.Tinder;
				PRODUCT_NAME = "$(TARGET_NAME)";
				SWIFT_VERSION = 4.2;
				TARGETED_DEVICE_FAMILY = "1,2";
			};
			name = Debug;
		};
		AA6F107921896821005DE1A2 /* Release */ = {
			isa = XCBuildConfiguration;
			buildSettings = {
				ASSETCATALOG_COMPILER_APPICON_NAME = AppIcon;
				CODE_SIGN_STYLE = Automatic;
				DEVELOPMENT_TEAM = 966D857F3T;
				INFOPLIST_FILE = Tinder/Info.plist;
				LD_RUNPATH_SEARCH_PATHS = (
					"$(inherited)",
					"@executable_path/Frameworks",
				);
				PRODUCT_BUNDLE_IDENTIFIER = Cisco.Tinder;
				PRODUCT_NAME = "$(TARGET_NAME)";
				SWIFT_VERSION = 4.2;
				TARGETED_DEVICE_FAMILY = "1,2";
			};
			name = Release;
		};
		AA6F107B21896821005DE1A2 /* Debug */ = {
			isa = XCBuildConfiguration;
			buildSettings = {
				ALWAYS_EMBED_SWIFT_STANDARD_LIBRARIES = YES;
				BUNDLE_LOADER = "$(TEST_HOST)";
				CODE_SIGN_STYLE = Automatic;
				DEVELOPMENT_TEAM = 966D857F3T;
				INFOPLIST_FILE = TinderTests/Info.plist;
				LD_RUNPATH_SEARCH_PATHS = (
					"$(inherited)",
					"@executable_path/Frameworks",
					"@loader_path/Frameworks",
				);
				PRODUCT_BUNDLE_IDENTIFIER = Cisco.TinderTests;
				PRODUCT_NAME = "$(TARGET_NAME)";
				SWIFT_VERSION = 4.2;
				TARGETED_DEVICE_FAMILY = "1,2";
				TEST_HOST = "$(BUILT_PRODUCTS_DIR)/Tinder.app/Tinder";
			};
			name = Debug;
		};
		AA6F107C21896821005DE1A2 /* Release */ = {
			isa = XCBuildConfiguration;
			buildSettings = {
				ALWAYS_EMBED_SWIFT_STANDARD_LIBRARIES = YES;
				BUNDLE_LOADER = "$(TEST_HOST)";
				CODE_SIGN_STYLE = Automatic;
				DEVELOPMENT_TEAM = 966D857F3T;
				INFOPLIST_FILE = TinderTests/Info.plist;
				LD_RUNPATH_SEARCH_PATHS = (
					"$(inherited)",
					"@executable_path/Frameworks",
					"@loader_path/Frameworks",
				);
				PRODUCT_BUNDLE_IDENTIFIER = Cisco.TinderTests;
				PRODUCT_NAME = "$(TARGET_NAME)";
				SWIFT_VERSION = 4.2;
				TARGETED_DEVICE_FAMILY = "1,2";
				TEST_HOST = "$(BUILT_PRODUCTS_DIR)/Tinder.app/Tinder";
			};
			name = Release;
		};
		AA6F107E21896821005DE1A2 /* Debug */ = {
			isa = XCBuildConfiguration;
			buildSettings = {
				ALWAYS_EMBED_SWIFT_STANDARD_LIBRARIES = YES;
				CODE_SIGN_STYLE = Automatic;
				DEVELOPMENT_TEAM = 966D857F3T;
				INFOPLIST_FILE = TinderUITests/Info.plist;
				LD_RUNPATH_SEARCH_PATHS = (
					"$(inherited)",
					"@executable_path/Frameworks",
					"@loader_path/Frameworks",
				);
				PRODUCT_BUNDLE_IDENTIFIER = Cisco.TinderUITests;
				PRODUCT_NAME = "$(TARGET_NAME)";
				SWIFT_VERSION = 4.2;
				TARGETED_DEVICE_FAMILY = "1,2";
				TEST_TARGET_NAME = Tinder;
			};
			name = Debug;
		};
		AA6F107F21896821005DE1A2 /* Release */ = {
			isa = XCBuildConfiguration;
			buildSettings = {
				ALWAYS_EMBED_SWIFT_STANDARD_LIBRARIES = YES;
				CODE_SIGN_STYLE = Automatic;
				DEVELOPMENT_TEAM = 966D857F3T;
				INFOPLIST_FILE = TinderUITests/Info.plist;
				LD_RUNPATH_SEARCH_PATHS = (
					"$(inherited)",
					"@executable_path/Frameworks",
					"@loader_path/Frameworks",
				);
				PRODUCT_BUNDLE_IDENTIFIER = Cisco.TinderUITests;
				PRODUCT_NAME = "$(TARGET_NAME)";
				SWIFT_VERSION = 4.2;
				TARGETED_DEVICE_FAMILY = "1,2";
				TEST_TARGET_NAME = Tinder;
			};
			name = Release;
		};
/* End XCBuildConfiguration section */

/* Begin XCConfigurationList section */
		AA6F104A2189681E005DE1A2 /* Build configuration list for PBXProject "Tinder" */ = {
			isa = XCConfigurationList;
			buildConfigurations = (
				AA6F107521896821005DE1A2 /* Debug */,
				AA6F107621896821005DE1A2 /* Release */,
			);
			defaultConfigurationIsVisible = 0;
			defaultConfigurationName = Release;
		};
		AA6F107721896821005DE1A2 /* Build configuration list for PBXNativeTarget "Tinder" */ = {
			isa = XCConfigurationList;
			buildConfigurations = (
				AA6F107821896821005DE1A2 /* Debug */,
				AA6F107921896821005DE1A2 /* Release */,
			);
			defaultConfigurationIsVisible = 0;
			defaultConfigurationName = Release;
		};
		AA6F107A21896821005DE1A2 /* Build configuration list for PBXNativeTarget "TinderTests" */ = {
			isa = XCConfigurationList;
			buildConfigurations = (
				AA6F107B21896821005DE1A2 /* Debug */,
				AA6F107C21896821005DE1A2 /* Release */,
			);
			defaultConfigurationIsVisible = 0;
			defaultConfigurationName = Release;
		};
		AA6F107D21896821005DE1A2 /* Build configuration list for PBXNativeTarget "TinderUITests" */ = {
			isa = XCConfigurationList;
			buildConfigurations = (
				AA6F107E21896821005DE1A2 /* Debug */,
				AA6F107F21896821005DE1A2 /* Release */,
			);
			defaultConfigurationIsVisible = 0;
			defaultConfigurationName = Release;
		};
/* End XCConfigurationList section */
	};
	rootObject = AA6F10472189681E005DE1A2 /* Project object */;
}
